
Microsoft Visual Studio Solution File, Format Version 12.00
# Visual Studio Version 16
VisualStudioVersion = 16.0.29728.190
MinimumVisualStudioVersion = 10.0.40219.1
Project("{FAE04EC0-301F-11D3-BF4B-00C04F79EFBC}") = "App3 ca practice.UWP", "App3 ca practice\App3 ca practice.UWP\App3 ca practice.UWP.csproj", "{D8AEB42B-C456-4FF4-9C39-5AF520E8B558}"
EndProject
Project("{FAE04EC0-301F-11D3-BF4B-00C04F79EFBC}") = "App3 ca practice", "App3 ca practice\App3 ca practice\App3 ca practice.csproj", "{68EBC428-32CE-4839-980E-4380D96CEC27}"
EndProject
Global
	GlobalSection(SolutionConfigurationPlatforms) = preSolution
		Debug|Any CPU = Debug|Any CPU
		Debug|ARM = Debug|ARM
		Debug|x64 = Debug|x64
		Debug|x86 = Debug|x86
		Release|Any CPU = Release|Any CPU
		Release|ARM = Release|ARM
		Release|x64 = Release|x64
		Release|x86 = Release|x86
	EndGlobalSection
	GlobalSection(ProjectConfigurationPlatforms) = postSolution
		{D8AEB42B-C456-4FF4-9C39-5AF520E8B558}.Debug|Any CPU.ActiveCfg = Debug|x86
		{D8AEB42B-C456-4FF4-9C39-5AF520E8B558}.Debug|Any CPU.Build.0 = Debug|x86
		{D8AEB42B-C456-4FF4-9C39-5AF520E8B558}.Debug|Any CPU.Deploy.0 = Debug|x86
		{D8AEB42B-C456-4FF4-9C39-5AF520E8B558}.Debug|ARM.ActiveCfg = Debug|ARM
		{D8AEB42B-C456-4FF4-9C39-5AF520E8B558}.Debug|ARM.Build.0 = Debug|ARM
		{D8AEB42B-C456-4FF4-9C39-5AF520E8B558}.Debug|ARM.Deploy.0 = Debug|ARM
		{D8AEB42B-C456-4FF4-9C39-5AF520E8B558}.Debug|x64.ActiveCfg = Debug|x64
		{D8AEB42B-C456-4FF4-9C39-5AF520E8B558}.Debug|x64.Build.0 = Debug|x64
		{D8AEB42B-C456-4FF4-9C39-5AF520E8B558}.Debug|x64.Deploy.0 = Debug|x64
		{D8AEB42B-C456-4FF4-9C39-5AF520E8B558}.Debug|x86.ActiveCfg = Debug|x86
		{D8AEB42B-C456-4FF4-9C39-5AF520E8B558}.Debug|x86.Build.0 = Debug|x86
		{D8AEB42B-C456-4FF4-9C39-5AF520E8B558}.Debug|x86.Deploy.0 = Debug|x86
		{D8AEB42B-C456-4FF4-9C39-5AF520E8B558}.Release|Any CPU.ActiveCfg = Release|x86
		{D8AEB42B-C456-4FF4-9C39-5AF520E8B558}.Release|Any CPU.Build.0 = Release|x86
		{D8AEB42B-C456-4FF4-9C39-5AF520E8B558}.Release|Any CPU.Deploy.0 = Release|x86
		{D8AEB42B-C456-4FF4-9C39-5AF520E8B558}.Release|ARM.ActiveCfg = Release|ARM
		{D8AEB42B-C456-4FF4-9C39-5AF520E8B558}.Release|ARM.Build.0 = Release|ARM
		{D8AEB42B-C456-4FF4-9C39-5AF520E8B558}.Release|ARM.Deploy.0 = Release|ARM
		{D8AEB42B-C456-4FF4-9C39-5AF520E8B558}.Release|x64.ActiveCfg = Release|x64
		{D8AEB42B-C456-4FF4-9C39-5AF520E8B558}.Release|x64.Build.0 = Release|x64
		{D8AEB42B-C456-4FF4-9C39-5AF520E8B558}.Release|x64.Deploy.0 = Release|x64
		{D8AEB42B-C456-4FF4-9C39-5AF520E8B558}.Release|x86.ActiveCfg = Release|x86
		{D8AEB42B-C456-4FF4-9C39-5AF520E8B558}.Release|x86.Build.0 = Release|x86
		{D8AEB42B-C456-4FF4-9C39-5AF520E8B558}.Release|x86.Deploy.0 = Release|x86
		{68EBC428-32CE-4839-980E-4380D96CEC27}.Debug|Any CPU.ActiveCfg = Debug|Any CPU
		{68EBC428-32CE-4839-980E-4380D96CEC27}.Debug|Any CPU.Build.0 = Debug|Any CPU
		{68EBC428-32CE-4839-980E-4380D96CEC27}.Debug|Any CPU.Deploy.0 = Debug|Any CPU
		{68EBC428-32CE-4839-980E-4380D96CEC27}.Debug|ARM.ActiveCfg = Debug|Any CPU
		{68EBC428-32CE-4839-980E-4380D96CEC27}.Debug|ARM.Build.0 = Debug|Any CPU
		{68EBC428-32CE-4839-980E-4380D96CEC27}.Debug|ARM.Deploy.0 = Debug|Any CPU
		{68EBC428-32CE-4839-980E-4380D96CEC27}.Debug|x64.ActiveCfg = Debug|Any CPU
		{68EBC428-32CE-4839-980E-4380D96CEC27}.Debug|x64.Build.0 = Debug|Any CPU
		{68EBC428-32CE-4839-980E-4380D96CEC27}.Debug|x64.Deploy.0 = Debug|Any CPU
		{68EBC428-32CE-4839-980E-4380D96CEC27}.Debug|x86.ActiveCfg = Debug|Any CPU
		{68EBC428-32CE-4839-980E-4380D96CEC27}.Debug|x86.Build.0 = Debug|Any CPU
		{68EBC428-32CE-4839-980E-4380D96CEC27}.Debug|x86.Deploy.0 = Debug|Any CPU
		{68EBC428-32CE-4839-980E-4380D96CEC27}.Release|Any CPU.ActiveCfg = Release|Any CPU
		{68EBC428-32CE-4839-980E-4380D96CEC27}.Release|Any CPU.Build.0 = Release|Any CPU
		{68EBC428-32CE-4839-980E-4380D96CEC27}.Release|Any CPU.Deploy.0 = Release|Any CPU
		{68EBC428-32CE-4839-980E-4380D96CEC27}.Release|ARM.ActiveCfg = Release|Any CPU
		{68EBC428-32CE-4839-980E-4380D96CEC27}.Release|ARM.Build.0 = Release|Any CPU
		{68EBC428-32CE-4839-980E-4380D96CEC27}.Release|ARM.Deploy.0 = Release|Any CPU
		{68EBC428-32CE-4839-980E-4380D96CEC27}.Release|x64.ActiveCfg = Release|Any CPU
		{68EBC428-32CE-4839-980E-4380D96CEC27}.Release|x64.Build.0 = Release|Any CPU
		{68EBC428-32CE-4839-980E-4380D96CEC27}.Release|x64.Deploy.0 = Release|Any CPU
		{68EBC428-32CE-4839-980E-4380D96CEC27}.Release|x86.ActiveCfg = Release|Any CPU
		{68EBC428-32CE-4839-980E-4380D96CEC27}.Release|x86.Build.0 = Release|Any CPU
		{68EBC428-32CE-4839-980E-4380D96CEC27}.Release|x86.Deploy.0 = Release|Any CPU
	EndGlobalSection
	GlobalSection(SolutionProperties) = preSolution
		HideSolutionNode = FALSE
	EndGlobalSection
	GlobalSection(ExtensibilityGlobals) = postSolution
		SolutionGuid = {A81779C9-5643-4E3A-91BE-97453834B384}
	EndGlobalSection
EndGlobal
